// !$*UTF8*$!
{
	archiveVersion = 1;
	classes = {
	};
	objectVersion = 55;
	objects = {

/* Begin PBXBuildFile section */
		B72B5AEB28B54D0600D83260 /* ImageViewModel.swift in Sources */ = {isa = PBXBuildFile; fileRef = B72B5AEA28B54D0600D83260 /* ImageViewModel.swift */; };
		B73748FA2917D2CA00F1F423 /* AppConfiguration.swift in Sources */ = {isa = PBXBuildFile; fileRef = B73748F92917D2CA00F1F423 /* AppConfiguration.swift */; };
		B73748FC2917D70900F1F423 /* AppDIContainer.swift in Sources */ = {isa = PBXBuildFile; fileRef = B73748FB2917D70900F1F423 /* AppDIContainer.swift */; };
		B73749022917F80300F1F423 /* ApiConfiguration.swift in Sources */ = {isa = PBXBuildFile; fileRef = B73749012917F80300F1F423 /* ApiConfiguration.swift */; };
		B73749042917FE3900F1F423 /* APIConfigurable.swift in Sources */ = {isa = PBXBuildFile; fileRef = B73749032917FE3900F1F423 /* APIConfigurable.swift */; };
		B737490829194F9500F1F423 /* SceneDIContainer.swift in Sources */ = {isa = PBXBuildFile; fileRef = B737490729194F9500F1F423 /* SceneDIContainer.swift */; };
		B737490B291964EC00F1F423 /* FlowCoordinator.swift in Sources */ = {isa = PBXBuildFile; fileRef = B737490A291964EC00F1F423 /* FlowCoordinator.swift */; };
		B737490D29196E8600F1F423 /* AppFlowCoordinator.swift in Sources */ = {isa = PBXBuildFile; fileRef = B737490C29196E8600F1F423 /* AppFlowCoordinator.swift */; };
		B737490F291A46A700F1F423 /* DefaultThumbnailImagesRepository.swift in Sources */ = {isa = PBXBuildFile; fileRef = B737490E291A46A700F1F423 /* DefaultThumbnailImagesRepository.swift */; };
		B7374911291A46DD00F1F423 /* ThumbnailImagesRepository.swift in Sources */ = {isa = PBXBuildFile; fileRef = B7374910291A46DD00F1F423 /* ThumbnailImagesRepository.swift */; };
		B78A0B4E288E504300DAC63C /* EndPointable.swift in Sources */ = {isa = PBXBuildFile; fileRef = B78A0B4D288E504300DAC63C /* EndPointable.swift */; };
		B78A0B50288E504E00DAC63C /* Requestable.swift in Sources */ = {isa = PBXBuildFile; fileRef = B78A0B4F288E504E00DAC63C /* Requestable.swift */; };
		B78A0B52288E505700DAC63C /* EndPoint.swift in Sources */ = {isa = PBXBuildFile; fileRef = B78A0B51288E505700DAC63C /* EndPoint.swift */; };
		B78A0B54288E506300DAC63C /* Request.swift in Sources */ = {isa = PBXBuildFile; fileRef = B78A0B53288E506300DAC63C /* Request.swift */; };
		B78A0B5B288E53A000DAC63C /* QueryFactory.swift in Sources */ = {isa = PBXBuildFile; fileRef = B78A0B5A288E53A000DAC63C /* QueryFactory.swift */; };
		B78A0B61288E560500DAC63C /* DefaultNetworkService.swift in Sources */ = {isa = PBXBuildFile; fileRef = B78A0B60288E560500DAC63C /* DefaultNetworkService.swift */; };
		B78A0B65288E562A00DAC63C /* NetworkError.swift in Sources */ = {isa = PBXBuildFile; fileRef = B78A0B64288E562A00DAC63C /* NetworkError.swift */; };
		B78A0B69288E731200DAC63C /* Decoder.swift in Sources */ = {isa = PBXBuildFile; fileRef = B78A0B68288E731200DAC63C /* Decoder.swift */; };
		B78A0B6B288E732800DAC63C /* ImageDTO.swift in Sources */ = {isa = PBXBuildFile; fileRef = B78A0B6A288E732800DAC63C /* ImageDTO.swift */; };
		B78A0B73288E779200DAC63C /* Image.swift in Sources */ = {isa = PBXBuildFile; fileRef = B78A0B72288E779200DAC63C /* Image.swift */; };
		B78A0B75288E8B9700DAC63C /* HomeViewModel.swift in Sources */ = {isa = PBXBuildFile; fileRef = B78A0B74288E8B9700DAC63C /* HomeViewModel.swift */; };
		B78A0B77288E8CCF00DAC63C /* Observable.swift in Sources */ = {isa = PBXBuildFile; fileRef = B78A0B76288E8CCF00DAC63C /* Observable.swift */; };
		B78A0B7A288E8D8200DAC63C /* DefaultImageRepository.swift in Sources */ = {isa = PBXBuildFile; fileRef = B78A0B79288E8D8200DAC63C /* DefaultImageRepository.swift */; };
		B78A0B7E288E8DED00DAC63C /* ImagePersistentStorage.swift in Sources */ = {isa = PBXBuildFile; fileRef = B78A0B7D288E8DED00DAC63C /* ImagePersistentStorage.swift */; };
		B78A0B80288ECE7700DAC63C /* CustomLayout.swift in Sources */ = {isa = PBXBuildFile; fileRef = B78A0B7F288ECE7700DAC63C /* CustomLayout.swift */; };
		B78A0B82288ED55D00DAC63C /* ImageCell.swift in Sources */ = {isa = PBXBuildFile; fileRef = B78A0B81288ED55D00DAC63C /* ImageCell.swift */; };
		B78A0B8C28913E5A00DAC63C /* Footer.swift in Sources */ = {isa = PBXBuildFile; fileRef = B78A0B8B28913E5A00DAC63C /* Footer.swift */; };
		B78A0B932892CBB700DAC63C /* SaveViewController.swift in Sources */ = {isa = PBXBuildFile; fileRef = B78A0B922892CBB700DAC63C /* SaveViewController.swift */; };
		B78A0B962892DA4C00DAC63C /* CoreData.xcdatamodeld in Sources */ = {isa = PBXBuildFile; fileRef = B78A0B942892DA4C00DAC63C /* CoreData.xcdatamodeld */; };
		B78A0B9E2892F57100DAC63C /* MemoAlert.swift in Sources */ = {isa = PBXBuildFile; fileRef = B78A0B9D2892F57100DAC63C /* MemoAlert.swift */; };
		B78A0BA22893E0A700DAC63C /* SaveViewModel.swift in Sources */ = {isa = PBXBuildFile; fileRef = B78A0BA12893E0A700DAC63C /* SaveViewModel.swift */; };
		B78A0BA4289544D400DAC63C /* EmptyIndicatorView.swift in Sources */ = {isa = PBXBuildFile; fileRef = B78A0BA3289544D300DAC63C /* EmptyIndicatorView.swift */; };
		B78A0BAF28AB720100DAC63C /* FetchImageUsecase.swift in Sources */ = {isa = PBXBuildFile; fileRef = B78A0BAE28AB720100DAC63C /* FetchImageUsecase.swift */; };
		B78A0BB128AB720F00DAC63C /* LikeImageUsecase.swift in Sources */ = {isa = PBXBuildFile; fileRef = B78A0BB028AB720F00DAC63C /* LikeImageUsecase.swift */; };
		B78A0BB728AC950900DAC63C /* ImageRepository.swift in Sources */ = {isa = PBXBuildFile; fileRef = B78A0BB628AC950900DAC63C /* ImageRepository.swift */; };
		B7C2D5CB291001F300F98BFF /* ImageEntity+CoreDataClass.swift in Sources */ = {isa = PBXBuildFile; fileRef = B7C2D5C9291001F200F98BFF /* ImageEntity+CoreDataClass.swift */; };
		B7C2D5CC291001F300F98BFF /* ImageEntity+CoreDataProperties.swift in Sources */ = {isa = PBXBuildFile; fileRef = B7C2D5CA291001F300F98BFF /* ImageEntity+CoreDataProperties.swift */; };
		B7C2D5D52910E16C00F98BFF /* CoreDataStorage.swift in Sources */ = {isa = PBXBuildFile; fileRef = B7C2D5D42910E16C00F98BFF /* CoreDataStorage.swift */; };
		B7C2D5E02916971A00F98BFF /* LayoutConfigurator.swift in Sources */ = {isa = PBXBuildFile; fileRef = B7C2D5DF2916971A00F98BFF /* LayoutConfigurator.swift */; };
		DE15E65C28604278003DD2F5 /* AppDelegate.swift in Sources */ = {isa = PBXBuildFile; fileRef = DE15E65B28604278003DD2F5 /* AppDelegate.swift */; };
		DE15E65E28604278003DD2F5 /* SceneDelegate.swift in Sources */ = {isa = PBXBuildFile; fileRef = DE15E65D28604278003DD2F5 /* SceneDelegate.swift */; };
		DE15E66028604278003DD2F5 /* HomeViewController.swift in Sources */ = {isa = PBXBuildFile; fileRef = DE15E65F28604278003DD2F5 /* HomeViewController.swift */; };
		DE15E66528604279003DD2F5 /* Assets.xcassets in Resources */ = {isa = PBXBuildFile; fileRef = DE15E66428604279003DD2F5 /* Assets.xcassets */; };
		DE15E66828604279003DD2F5 /* LaunchScreen.storyboard in Resources */ = {isa = PBXBuildFile; fileRef = DE15E66628604279003DD2F5 /* LaunchScreen.storyboard */; };
/* End PBXBuildFile section */

/* Begin PBXFileReference section */
		B72B5AEA28B54D0600D83260 /* ImageViewModel.swift */ = {isa = PBXFileReference; lastKnownFileType = sourcecode.swift; path = ImageViewModel.swift; sourceTree = "<group>"; };
		B73748F92917D2CA00F1F423 /* AppConfiguration.swift */ = {isa = PBXFileReference; lastKnownFileType = sourcecode.swift; path = AppConfiguration.swift; sourceTree = "<group>"; };
		B73748FB2917D70900F1F423 /* AppDIContainer.swift */ = {isa = PBXFileReference; lastKnownFileType = sourcecode.swift; path = AppDIContainer.swift; sourceTree = "<group>"; };
		B73749012917F80300F1F423 /* ApiConfiguration.swift */ = {isa = PBXFileReference; lastKnownFileType = sourcecode.swift; path = ApiConfiguration.swift; sourceTree = "<group>"; };
		B73749032917FE3900F1F423 /* APIConfigurable.swift */ = {isa = PBXFileReference; lastKnownFileType = sourcecode.swift; path = APIConfigurable.swift; sourceTree = "<group>"; };
		B737490729194F9500F1F423 /* SceneDIContainer.swift */ = {isa = PBXFileReference; lastKnownFileType = sourcecode.swift; path = SceneDIContainer.swift; sourceTree = "<group>"; };
		B737490A291964EC00F1F423 /* FlowCoordinator.swift */ = {isa = PBXFileReference; lastKnownFileType = sourcecode.swift; path = FlowCoordinator.swift; sourceTree = "<group>"; };
		B737490C29196E8600F1F423 /* AppFlowCoordinator.swift */ = {isa = PBXFileReference; lastKnownFileType = sourcecode.swift; path = AppFlowCoordinator.swift; sourceTree = "<group>"; };
		B737490E291A46A700F1F423 /* DefaultThumbnailImagesRepository.swift */ = {isa = PBXFileReference; lastKnownFileType = sourcecode.swift; path = DefaultThumbnailImagesRepository.swift; sourceTree = "<group>"; };
		B7374910291A46DD00F1F423 /* ThumbnailImagesRepository.swift */ = {isa = PBXFileReference; lastKnownFileType = sourcecode.swift; path = ThumbnailImagesRepository.swift; sourceTree = "<group>"; };
		B78A0B4D288E504300DAC63C /* EndPointable.swift */ = {isa = PBXFileReference; lastKnownFileType = sourcecode.swift; path = EndPointable.swift; sourceTree = "<group>"; };
		B78A0B4F288E504E00DAC63C /* Requestable.swift */ = {isa = PBXFileReference; lastKnownFileType = sourcecode.swift; path = Requestable.swift; sourceTree = "<group>"; };
		B78A0B51288E505700DAC63C /* EndPoint.swift */ = {isa = PBXFileReference; lastKnownFileType = sourcecode.swift; path = EndPoint.swift; sourceTree = "<group>"; };
		B78A0B53288E506300DAC63C /* Request.swift */ = {isa = PBXFileReference; lastKnownFileType = sourcecode.swift; path = Request.swift; sourceTree = "<group>"; };
		B78A0B5A288E53A000DAC63C /* QueryFactory.swift */ = {isa = PBXFileReference; lastKnownFileType = sourcecode.swift; path = QueryFactory.swift; sourceTree = "<group>"; };
		B78A0B60288E560500DAC63C /* DefaultNetworkService.swift */ = {isa = PBXFileReference; lastKnownFileType = sourcecode.swift; path = DefaultNetworkService.swift; sourceTree = "<group>"; };
		B78A0B64288E562A00DAC63C /* NetworkError.swift */ = {isa = PBXFileReference; lastKnownFileType = sourcecode.swift; path = NetworkError.swift; sourceTree = "<group>"; };
		B78A0B68288E731200DAC63C /* Decoder.swift */ = {isa = PBXFileReference; lastKnownFileType = sourcecode.swift; path = Decoder.swift; sourceTree = "<group>"; };
		B78A0B6A288E732800DAC63C /* ImageDTO.swift */ = {isa = PBXFileReference; lastKnownFileType = sourcecode.swift; path = ImageDTO.swift; sourceTree = "<group>"; };
		B78A0B72288E779200DAC63C /* Image.swift */ = {isa = PBXFileReference; lastKnownFileType = sourcecode.swift; path = Image.swift; sourceTree = "<group>"; };
		B78A0B74288E8B9700DAC63C /* HomeViewModel.swift */ = {isa = PBXFileReference; lastKnownFileType = sourcecode.swift; path = HomeViewModel.swift; sourceTree = "<group>"; };
		B78A0B76288E8CCF00DAC63C /* Observable.swift */ = {isa = PBXFileReference; lastKnownFileType = sourcecode.swift; path = Observable.swift; sourceTree = "<group>"; };
		B78A0B79288E8D8200DAC63C /* DefaultImageRepository.swift */ = {isa = PBXFileReference; lastKnownFileType = sourcecode.swift; path = DefaultImageRepository.swift; sourceTree = "<group>"; };
		B78A0B7D288E8DED00DAC63C /* ImagePersistentStorage.swift */ = {isa = PBXFileReference; lastKnownFileType = sourcecode.swift; path = ImagePersistentStorage.swift; sourceTree = "<group>"; };
		B78A0B7F288ECE7700DAC63C /* CustomLayout.swift */ = {isa = PBXFileReference; lastKnownFileType = sourcecode.swift; path = CustomLayout.swift; sourceTree = "<group>"; };
		B78A0B81288ED55D00DAC63C /* ImageCell.swift */ = {isa = PBXFileReference; lastKnownFileType = sourcecode.swift; path = ImageCell.swift; sourceTree = "<group>"; };
		B78A0B8B28913E5A00DAC63C /* Footer.swift */ = {isa = PBXFileReference; lastKnownFileType = sourcecode.swift; path = Footer.swift; sourceTree = "<group>"; };
		B78A0B922892CBB700DAC63C /* SaveViewController.swift */ = {isa = PBXFileReference; lastKnownFileType = sourcecode.swift; path = SaveViewController.swift; sourceTree = "<group>"; };
		B78A0B952892DA4C00DAC63C /* CoreData.xcdatamodel */ = {isa = PBXFileReference; lastKnownFileType = wrapper.xcdatamodel; path = CoreData.xcdatamodel; sourceTree = "<group>"; };
		B78A0B9D2892F57100DAC63C /* MemoAlert.swift */ = {isa = PBXFileReference; lastKnownFileType = sourcecode.swift; path = MemoAlert.swift; sourceTree = "<group>"; };
		B78A0BA12893E0A700DAC63C /* SaveViewModel.swift */ = {isa = PBXFileReference; lastKnownFileType = sourcecode.swift; path = SaveViewModel.swift; sourceTree = "<group>"; };
		B78A0BA3289544D300DAC63C /* EmptyIndicatorView.swift */ = {isa = PBXFileReference; lastKnownFileType = sourcecode.swift; path = EmptyIndicatorView.swift; sourceTree = "<group>"; };
		B78A0BA628954C3200DAC63C /* ImageConfigurable.swift */ = {isa = PBXFileReference; lastKnownFileType = sourcecode.swift; path = ImageConfigurable.swift; sourceTree = "<group>"; };
		B78A0BAE28AB720100DAC63C /* FetchImageUsecase.swift */ = {isa = PBXFileReference; lastKnownFileType = sourcecode.swift; path = FetchImageUsecase.swift; sourceTree = "<group>"; };
		B78A0BB028AB720F00DAC63C /* LikeImageUsecase.swift */ = {isa = PBXFileReference; lastKnownFileType = sourcecode.swift; path = LikeImageUsecase.swift; sourceTree = "<group>"; };
		B78A0BB628AC950900DAC63C /* ImageRepository.swift */ = {isa = PBXFileReference; lastKnownFileType = sourcecode.swift; path = ImageRepository.swift; sourceTree = "<group>"; };
		B7C2D5C9291001F200F98BFF /* ImageEntity+CoreDataClass.swift */ = {isa = PBXFileReference; lastKnownFileType = sourcecode.swift; path = "ImageEntity+CoreDataClass.swift"; sourceTree = SOURCE_ROOT; };
		B7C2D5CA291001F300F98BFF /* ImageEntity+CoreDataProperties.swift */ = {isa = PBXFileReference; lastKnownFileType = sourcecode.swift; path = "ImageEntity+CoreDataProperties.swift"; sourceTree = SOURCE_ROOT; };
		B7C2D5D42910E16C00F98BFF /* CoreDataStorage.swift */ = {isa = PBXFileReference; lastKnownFileType = sourcecode.swift; path = CoreDataStorage.swift; sourceTree = "<group>"; };
		B7C2D5DF2916971A00F98BFF /* LayoutConfigurator.swift */ = {isa = PBXFileReference; lastKnownFileType = sourcecode.swift; path = LayoutConfigurator.swift; sourceTree = "<group>"; };
		DE15E65828604278003DD2F5 /* Picterest.app */ = {isa = PBXFileReference; explicitFileType = wrapper.application; includeInIndex = 0; path = Picterest.app; sourceTree = BUILT_PRODUCTS_DIR; };
		DE15E65B28604278003DD2F5 /* AppDelegate.swift */ = {isa = PBXFileReference; lastKnownFileType = sourcecode.swift; path = AppDelegate.swift; sourceTree = "<group>"; };
		DE15E65D28604278003DD2F5 /* SceneDelegate.swift */ = {isa = PBXFileReference; lastKnownFileType = sourcecode.swift; path = SceneDelegate.swift; sourceTree = "<group>"; };
		DE15E65F28604278003DD2F5 /* HomeViewController.swift */ = {isa = PBXFileReference; lastKnownFileType = sourcecode.swift; path = HomeViewController.swift; sourceTree = "<group>"; };
		DE15E66428604279003DD2F5 /* Assets.xcassets */ = {isa = PBXFileReference; lastKnownFileType = folder.assetcatalog; path = Assets.xcassets; sourceTree = "<group>"; };
		DE15E66728604279003DD2F5 /* Base */ = {isa = PBXFileReference; lastKnownFileType = file.storyboard; name = Base; path = Base.lproj/LaunchScreen.storyboard; sourceTree = "<group>"; };
		DE15E66928604279003DD2F5 /* Info.plist */ = {isa = PBXFileReference; lastKnownFileType = text.plist.xml; path = Info.plist; sourceTree = "<group>"; };
/* End PBXFileReference section */

/* Begin PBXFrameworksBuildPhase section */
		DE15E65528604278003DD2F5 /* Frameworks */ = {
			isa = PBXFrameworksBuildPhase;
			buildActionMask = 2147483647;
			files = (
			);
			runOnlyForDeploymentPostprocessing = 0;
		};
/* End PBXFrameworksBuildPhase section */

/* Begin PBXGroup section */
		B73748F62917D24E00F1F423 /* Application */ = {
			isa = PBXGroup;
			children = (
				DE15E65B28604278003DD2F5 /* AppDelegate.swift */,
				B73748F92917D2CA00F1F423 /* AppConfiguration.swift */,
				DE15E65D28604278003DD2F5 /* SceneDelegate.swift */,
				B737490C29196E8600F1F423 /* AppFlowCoordinator.swift */,
				B73748F82917D29E00F1F423 /* DIContainer  */,
			);
			path = Application;
			sourceTree = "<group>";
		};
		B73748F72917D26D00F1F423 /* Resources */ = {
			isa = PBXGroup;
			children = (
				DE15E66428604279003DD2F5 /* Assets.xcassets */,
				DE15E66628604279003DD2F5 /* LaunchScreen.storyboard */,
			);
			path = Resources;
			sourceTree = "<group>";
		};
		B73748F82917D29E00F1F423 /* DIContainer  */ = {
			isa = PBXGroup;
			children = (
				B73748FB2917D70900F1F423 /* AppDIContainer.swift */,
				B737490729194F9500F1F423 /* SceneDIContainer.swift */,
			);
			path = "DIContainer ";
			sourceTree = "<group>";
		};
		B7374909291964B300F1F423 /* Flows */ = {
			isa = PBXGroup;
			children = (
				B737490A291964EC00F1F423 /* FlowCoordinator.swift */,
			);
			path = Flows;
			sourceTree = "<group>";
		};
		B78A0B4C288E502D00DAC63C /* NetworkLayer */ = {
			isa = PBXGroup;
			children = (
				B78A0B55288E506600DAC63C /* Protocols */,
				B78A0B51288E505700DAC63C /* EndPoint.swift */,
				B78A0B53288E506300DAC63C /* Request.swift */,
				B73749012917F80300F1F423 /* ApiConfiguration.swift */,
				B78A0B5A288E53A000DAC63C /* QueryFactory.swift */,
				B78A0B64288E562A00DAC63C /* NetworkError.swift */,
				B78A0B60288E560500DAC63C /* DefaultNetworkService.swift */,
				B78A0B6A288E732800DAC63C /* ImageDTO.swift */,
			);
			path = NetworkLayer;
			sourceTree = "<group>";
		};
		B78A0B55288E506600DAC63C /* Protocols */ = {
			isa = PBXGroup;
			children = (
				B73749032917FE3900F1F423 /* APIConfigurable.swift */,
				B78A0B4D288E504300DAC63C /* EndPointable.swift */,
				B78A0B4F288E504E00DAC63C /* Requestable.swift */,
			);
			path = Protocols;
			sourceTree = "<group>";
		};
		B78A0B5C288E547F00DAC63C /* Helpers */ = {
			isa = PBXGroup;
			children = (
				B78A0B68288E731200DAC63C /* Decoder.swift */,
				B78A0B76288E8CCF00DAC63C /* Observable.swift */,
			);
			path = Helpers;
			sourceTree = "<group>";
		};
		B78A0B6C288E74BB00DAC63C /* Scenes */ = {
			isa = PBXGroup;
			children = (
				B7374909291964B300F1F423 /* Flows */,
				B7C2D5DE29164EDF00F98BFF /* Common */,
				B78A0BA528954C2100DAC63C /* Protocol */,
				B78A0B6D288E74CB00DAC63C /* Home */,
				B78A0B8F2892CB8E00DAC63C /* Save */,
			);
			path = Scenes;
			sourceTree = "<group>";
		};
		B78A0B6D288E74CB00DAC63C /* Home */ = {
			isa = PBXGroup;
			children = (
				B78A0B6F288E74D900DAC63C /* ViewModel */,
				B78A0B6E288E74D400DAC63C /* View */,
			);
			path = Home;
			sourceTree = "<group>";
		};
		B78A0B6E288E74D400DAC63C /* View */ = {
			isa = PBXGroup;
			children = (
				B78A0B81288ED55D00DAC63C /* ImageCell.swift */,
				DE15E65F28604278003DD2F5 /* HomeViewController.swift */,
				B78A0B8B28913E5A00DAC63C /* Footer.swift */,
			);
			path = View;
			sourceTree = "<group>";
		};
		B78A0B6F288E74D900DAC63C /* ViewModel */ = {
			isa = PBXGroup;
			children = (
				B78A0B74288E8B9700DAC63C /* HomeViewModel.swift */,
				B72B5AEA28B54D0600D83260 /* ImageViewModel.swift */,
			);
			path = ViewModel;
			sourceTree = "<group>";
		};
		B78A0B71288E775C00DAC63C /* Domain */ = {
			isa = PBXGroup;
			children = (
				B78A0B72288E779200DAC63C /* Image.swift */,
				B78A0BAD28AB71EB00DAC63C /* Usecases */,
				B78A0BB228AC7F7C00DAC63C /* Interfaces */,
			);
			path = Domain;
			sourceTree = "<group>";
		};
		B78A0B78288E8D6600DAC63C /* DataLayer */ = {
			isa = PBXGroup;
			children = (
				B7C2D5CF2910E0CC00F98BFF /* Repositories */,
				B7C2D5D02910E0E000F98BFF /* PersistentStorage */,
				B78A0B4C288E502D00DAC63C /* NetworkLayer */,
			);
			path = DataLayer;
			sourceTree = "<group>";
		};
		B78A0B8F2892CB8E00DAC63C /* Save */ = {
			isa = PBXGroup;
			children = (
				B78A0B912892CB9C00DAC63C /* ViewModel */,
				B78A0B902892CB9700DAC63C /* View */,
			);
			path = Save;
			sourceTree = "<group>";
		};
		B78A0B902892CB9700DAC63C /* View */ = {
			isa = PBXGroup;
			children = (
				B78A0BA3289544D300DAC63C /* EmptyIndicatorView.swift */,
				B78A0B922892CBB700DAC63C /* SaveViewController.swift */,
			);
			path = View;
			sourceTree = "<group>";
		};
		B78A0B912892CB9C00DAC63C /* ViewModel */ = {
			isa = PBXGroup;
			children = (
				B78A0BA12893E0A700DAC63C /* SaveViewModel.swift */,
			);
			path = ViewModel;
			sourceTree = "<group>";
		};
		B78A0B9B2892DBB500DAC63C /* LocalDB */ = {
			isa = PBXGroup;
			children = (
				B7C2D5C9291001F200F98BFF /* ImageEntity+CoreDataClass.swift */,
				B7C2D5CA291001F300F98BFF /* ImageEntity+CoreDataProperties.swift */,
				B78A0B942892DA4C00DAC63C /* CoreData.xcdatamodeld */,
			);
			path = LocalDB;
			sourceTree = "<group>";
		};
		B78A0BA528954C2100DAC63C /* Protocol */ = {
			isa = PBXGroup;
			children = (
				B78A0BA628954C3200DAC63C /* ImageConfigurable.swift */,
			);
			path = Protocol;
			sourceTree = "<group>";
		};
		B78A0BAD28AB71EB00DAC63C /* Usecases */ = {
			isa = PBXGroup;
			children = (
				B78A0BAE28AB720100DAC63C /* FetchImageUsecase.swift */,
				B78A0BB028AB720F00DAC63C /* LikeImageUsecase.swift */,
			);
			path = Usecases;
			sourceTree = "<group>";
		};
		B78A0BB228AC7F7C00DAC63C /* Interfaces */ = {
			isa = PBXGroup;
			children = (
				B78A0BB328AC7F8F00DAC63C /* Repositories */,
			);
			path = Interfaces;
			sourceTree = "<group>";
		};
		B78A0BB328AC7F8F00DAC63C /* Repositories */ = {
			isa = PBXGroup;
			children = (
				B78A0BB628AC950900DAC63C /* ImageRepository.swift */,
				B7374910291A46DD00F1F423 /* ThumbnailImagesRepository.swift */,
			);
			path = Repositories;
			sourceTree = "<group>";
		};
		B7C2D5CF2910E0CC00F98BFF /* Repositories */ = {
			isa = PBXGroup;
			children = (
				B78A0B79288E8D8200DAC63C /* DefaultImageRepository.swift */,
				B737490E291A46A700F1F423 /* DefaultThumbnailImagesRepository.swift */,
			);
			path = Repositories;
			sourceTree = "<group>";
		};
		B7C2D5D02910E0E000F98BFF /* PersistentStorage */ = {
			isa = PBXGroup;
			children = (
				B78A0B7D288E8DED00DAC63C /* ImagePersistentStorage.swift */,
				B7C2D5D32910E15400F98BFF /* CoreDataStorage */,
			);
			path = PersistentStorage;
			sourceTree = "<group>";
		};
		B7C2D5D32910E15400F98BFF /* CoreDataStorage */ = {
			isa = PBXGroup;
			children = (
				B7C2D5D42910E16C00F98BFF /* CoreDataStorage.swift */,
			);
			path = CoreDataStorage;
			sourceTree = "<group>";
		};
		B7C2D5DE29164EDF00F98BFF /* Common */ = {
			isa = PBXGroup;
			children = (
				B7C2D5E72916C60F00F98BFF /* CustomCollectionViewLayout */,
				B78A0B9D2892F57100DAC63C /* MemoAlert.swift */,
			);
			path = Common;
			sourceTree = "<group>";
		};
		B7C2D5E72916C60F00F98BFF /* CustomCollectionViewLayout */ = {
			isa = PBXGroup;
			children = (
				B7C2D5DF2916971A00F98BFF /* LayoutConfigurator.swift */,
				B78A0B7F288ECE7700DAC63C /* CustomLayout.swift */,
			);
			path = CustomCollectionViewLayout;
			sourceTree = "<group>";
		};
		DE15E64F28604278003DD2F5 = {
			isa = PBXGroup;
			children = (
				DE15E65A28604278003DD2F5 /* Picterest */,
				DE15E65928604278003DD2F5 /* Products */,
			);
			sourceTree = "<group>";
		};
		DE15E65928604278003DD2F5 /* Products */ = {
			isa = PBXGroup;
			children = (
				DE15E65828604278003DD2F5 /* Picterest.app */,
			);
			name = Products;
			sourceTree = "<group>";
		};
		DE15E65A28604278003DD2F5 /* Picterest */ = {
			isa = PBXGroup;
			children = (
				B73748F62917D24E00F1F423 /* Application */,
				B78A0B9B2892DBB500DAC63C /* LocalDB */,
				B78A0B5C288E547F00DAC63C /* Helpers */,
				B78A0B71288E775C00DAC63C /* Domain */,
				B78A0B78288E8D6600DAC63C /* DataLayer */,
				B78A0B6C288E74BB00DAC63C /* Scenes */,
				B73748F72917D26D00F1F423 /* Resources */,
				DE15E66928604279003DD2F5 /* Info.plist */,
			);
			path = Picterest;
			sourceTree = "<group>";
		};
/* End PBXGroup section */

/* Begin PBXNativeTarget section */
		DE15E65728604278003DD2F5 /* Picterest */ = {
			isa = PBXNativeTarget;
			buildConfigurationList = DE15E66C28604279003DD2F5 /* Build configuration list for PBXNativeTarget "Picterest" */;
			buildPhases = (
				DE15E65428604278003DD2F5 /* Sources */,
				DE15E65528604278003DD2F5 /* Frameworks */,
				DE15E65628604278003DD2F5 /* Resources */,
			);
			buildRules = (
			);
			dependencies = (
			);
			name = Picterest;
			productName = SNPLab;
			productReference = DE15E65828604278003DD2F5 /* Picterest.app */;
			productType = "com.apple.product-type.application";
		};
/* End PBXNativeTarget section */

/* Begin PBXProject section */
		DE15E65028604278003DD2F5 /* Project object */ = {
			isa = PBXProject;
			attributes = {
				BuildIndependentTargetsInParallel = 1;
				LastSwiftUpdateCheck = 1340;
				LastUpgradeCheck = 1340;
				TargetAttributes = {
					DE15E65728604278003DD2F5 = {
						CreatedOnToolsVersion = 13.4.1;
					};
				};
			};
			buildConfigurationList = DE15E65328604278003DD2F5 /* Build configuration list for PBXProject "Picterest" */;
			compatibilityVersion = "Xcode 13.0";
			developmentRegion = en;
			hasScannedForEncodings = 0;
			knownRegions = (
				en,
				Base,
			);
			mainGroup = DE15E64F28604278003DD2F5;
			productRefGroup = DE15E65928604278003DD2F5 /* Products */;
			projectDirPath = "";
			projectRoot = "";
			targets = (
				DE15E65728604278003DD2F5 /* Picterest */,
			);
		};
/* End PBXProject section */

/* Begin PBXResourcesBuildPhase section */
		DE15E65628604278003DD2F5 /* Resources */ = {
			isa = PBXResourcesBuildPhase;
			buildActionMask = 2147483647;
			files = (
				DE15E66828604279003DD2F5 /* LaunchScreen.storyboard in Resources */,
				DE15E66528604279003DD2F5 /* Assets.xcassets in Resources */,
			);
			runOnlyForDeploymentPostprocessing = 0;
		};
/* End PBXResourcesBuildPhase section */

/* Begin PBXSourcesBuildPhase section */
		DE15E65428604278003DD2F5 /* Sources */ = {
			isa = PBXSourcesBuildPhase;
			buildActionMask = 2147483647;
			files = (
				B78A0B8C28913E5A00DAC63C /* Footer.swift in Sources */,
				B78A0B7A288E8D8200DAC63C /* DefaultImageRepository.swift in Sources */,
				B7C2D5CC291001F300F98BFF /* ImageEntity+CoreDataProperties.swift in Sources */,
				B7C2D5D52910E16C00F98BFF /* CoreDataStorage.swift in Sources */,
				B78A0B77288E8CCF00DAC63C /* Observable.swift in Sources */,
				B78A0BB128AB720F00DAC63C /* LikeImageUsecase.swift in Sources */,
				B7C2D5CB291001F300F98BFF /* ImageEntity+CoreDataClass.swift in Sources */,
				B73749042917FE3900F1F423 /* APIConfigurable.swift in Sources */,
				B78A0B61288E560500DAC63C /* DefaultNetworkService.swift in Sources */,
				B78A0B75288E8B9700DAC63C /* HomeViewModel.swift in Sources */,
				B78A0BA4289544D400DAC63C /* EmptyIndicatorView.swift in Sources */,
				B78A0BA22893E0A700DAC63C /* SaveViewModel.swift in Sources */,
				B737490B291964EC00F1F423 /* FlowCoordinator.swift in Sources */,
				B78A0B52288E505700DAC63C /* EndPoint.swift in Sources */,
				B73749022917F80300F1F423 /* ApiConfiguration.swift in Sources */,
				B73748FC2917D70900F1F423 /* AppDIContainer.swift in Sources */,
				B78A0B80288ECE7700DAC63C /* CustomLayout.swift in Sources */,
				B73748FA2917D2CA00F1F423 /* AppConfiguration.swift in Sources */,
				B78A0B6B288E732800DAC63C /* ImageDTO.swift in Sources */,
				B737490D29196E8600F1F423 /* AppFlowCoordinator.swift in Sources */,
				B72B5AEB28B54D0600D83260 /* ImageViewModel.swift in Sources */,
				B737490F291A46A700F1F423 /* DefaultThumbnailImagesRepository.swift in Sources */,
				B78A0B50288E504E00DAC63C /* Requestable.swift in Sources */,
				B78A0B962892DA4C00DAC63C /* CoreData.xcdatamodeld in Sources */,
				DE15E66028604278003DD2F5 /* HomeViewController.swift in Sources */,
				B78A0BB728AC950900DAC63C /* ImageRepository.swift in Sources */,
				B7374911291A46DD00F1F423 /* ThumbnailImagesRepository.swift in Sources */,
				B78A0B7E288E8DED00DAC63C /* ImagePersistentStorage.swift in Sources */,
				B78A0B932892CBB700DAC63C /* SaveViewController.swift in Sources */,
				DE15E65C28604278003DD2F5 /* AppDelegate.swift in Sources */,
				B737490829194F9500F1F423 /* SceneDIContainer.swift in Sources */,
				B78A0B54288E506300DAC63C /* Request.swift in Sources */,
				B78A0B5B288E53A000DAC63C /* QueryFactory.swift in Sources */,
				B7C2D5E02916971A00F98BFF /* LayoutConfigurator.swift in Sources */,
				B78A0B4E288E504300DAC63C /* EndPointable.swift in Sources */,
				DE15E65E28604278003DD2F5 /* SceneDelegate.swift in Sources */,
				B78A0BAF28AB720100DAC63C /* FetchImageUsecase.swift in Sources */,
				B78A0B65288E562A00DAC63C /* NetworkError.swift in Sources */,
				B78A0B82288ED55D00DAC63C /* ImageCell.swift in Sources */,
				B78A0B69288E731200DAC63C /* Decoder.swift in Sources */,
				B78A0B73288E779200DAC63C /* Image.swift in Sources */,
				B78A0B9E2892F57100DAC63C /* MemoAlert.swift in Sources */,
			);
			runOnlyForDeploymentPostprocessing = 0;
		};
/* End PBXSourcesBuildPhase section */

/* Begin PBXVariantGroup section */
		DE15E66628604279003DD2F5 /* LaunchScreen.storyboard */ = {
			isa = PBXVariantGroup;
			children = (
				DE15E66728604279003DD2F5 /* Base */,
			);
			name = LaunchScreen.storyboard;
			sourceTree = "<group>";
		};
/* End PBXVariantGroup section */

/* Begin XCBuildConfiguration section */
		DE15E66A28604279003DD2F5 /* Debug */ = {
			isa = XCBuildConfiguration;
			buildSettings = {
				ALWAYS_SEARCH_USER_PATHS = NO;
				CLANG_ANALYZER_NONNULL = YES;
				CLANG_ANALYZER_NUMBER_OBJECT_CONVERSION = YES_AGGRESSIVE;
				CLANG_CXX_LANGUAGE_STANDARD = "gnu++17";
				CLANG_ENABLE_MODULES = YES;
				CLANG_ENABLE_OBJC_ARC = YES;
				CLANG_ENABLE_OBJC_WEAK = YES;
				CLANG_WARN_BLOCK_CAPTURE_AUTORELEASING = YES;
				CLANG_WARN_BOOL_CONVERSION = YES;
				CLANG_WARN_COMMA = YES;
				CLANG_WARN_CONSTANT_CONVERSION = YES;
				CLANG_WARN_DEPRECATED_OBJC_IMPLEMENTATIONS = YES;
				CLANG_WARN_DIRECT_OBJC_ISA_USAGE = YES_ERROR;
				CLANG_WARN_DOCUMENTATION_COMMENTS = YES;
				CLANG_WARN_EMPTY_BODY = YES;
				CLANG_WARN_ENUM_CONVERSION = YES;
				CLANG_WARN_INFINITE_RECURSION = YES;
				CLANG_WARN_INT_CONVERSION = YES;
				CLANG_WARN_NON_LITERAL_NULL_CONVERSION = YES;
				CLANG_WARN_OBJC_IMPLICIT_RETAIN_SELF = YES;
				CLANG_WARN_OBJC_LITERAL_CONVERSION = YES;
				CLANG_WARN_OBJC_ROOT_CLASS = YES_ERROR;
				CLANG_WARN_QUOTED_INCLUDE_IN_FRAMEWORK_HEADER = YES;
				CLANG_WARN_RANGE_LOOP_ANALYSIS = YES;
				CLANG_WARN_STRICT_PROTOTYPES = YES;
				CLANG_WARN_SUSPICIOUS_MOVE = YES;
				CLANG_WARN_UNGUARDED_AVAILABILITY = YES_AGGRESSIVE;
				CLANG_WARN_UNREACHABLE_CODE = YES;
				CLANG_WARN__DUPLICATE_METHOD_MATCH = YES;
				COPY_PHASE_STRIP = NO;
				DEBUG_INFORMATION_FORMAT = dwarf;
				ENABLE_STRICT_OBJC_MSGSEND = YES;
				ENABLE_TESTABILITY = YES;
				GCC_C_LANGUAGE_STANDARD = gnu11;
				GCC_DYNAMIC_NO_PIC = NO;
				GCC_NO_COMMON_BLOCKS = YES;
				GCC_OPTIMIZATION_LEVEL = 0;
				GCC_PREPROCESSOR_DEFINITIONS = (
					"DEBUG=1",
					"$(inherited)",
				);
				GCC_WARN_64_TO_32_BIT_CONVERSION = YES;
				GCC_WARN_ABOUT_RETURN_TYPE = YES_ERROR;
				GCC_WARN_UNDECLARED_SELECTOR = YES;
				GCC_WARN_UNINITIALIZED_AUTOS = YES_AGGRESSIVE;
				GCC_WARN_UNUSED_FUNCTION = YES;
				GCC_WARN_UNUSED_VARIABLE = YES;
				IPHONEOS_DEPLOYMENT_TARGET = 13.0;
				MTL_ENABLE_DEBUG_INFO = INCLUDE_SOURCE;
				MTL_FAST_MATH = YES;
				ONLY_ACTIVE_ARCH = YES;
				SDKROOT = iphoneos;
				SWIFT_ACTIVE_COMPILATION_CONDITIONS = DEBUG;
				SWIFT_OPTIMIZATION_LEVEL = "-Onone";
			};
			name = Debug;
		};
		DE15E66B28604279003DD2F5 /* Release */ = {
			isa = XCBuildConfiguration;
			buildSettings = {
				ALWAYS_SEARCH_USER_PATHS = NO;
				CLANG_ANALYZER_NONNULL = YES;
				CLANG_ANALYZER_NUMBER_OBJECT_CONVERSION = YES_AGGRESSIVE;
				CLANG_CXX_LANGUAGE_STANDARD = "gnu++17";
				CLANG_ENABLE_MODULES = YES;
				CLANG_ENABLE_OBJC_ARC = YES;
				CLANG_ENABLE_OBJC_WEAK = YES;
				CLANG_WARN_BLOCK_CAPTURE_AUTORELEASING = YES;
				CLANG_WARN_BOOL_CONVERSION = YES;
				CLANG_WARN_COMMA = YES;
				CLANG_WARN_CONSTANT_CONVERSION = YES;
				CLANG_WARN_DEPRECATED_OBJC_IMPLEMENTATIONS = YES;
				CLANG_WARN_DIRECT_OBJC_ISA_USAGE = YES_ERROR;
				CLANG_WARN_DOCUMENTATION_COMMENTS = YES;
				CLANG_WARN_EMPTY_BODY = YES;
				CLANG_WARN_ENUM_CONVERSION = YES;
				CLANG_WARN_INFINITE_RECURSION = YES;
				CLANG_WARN_INT_CONVERSION = YES;
				CLANG_WARN_NON_LITERAL_NULL_CONVERSION = YES;
				CLANG_WARN_OBJC_IMPLICIT_RETAIN_SELF = YES;
				CLANG_WARN_OBJC_LITERAL_CONVERSION = YES;
				CLANG_WARN_OBJC_ROOT_CLASS = YES_ERROR;
				CLANG_WARN_QUOTED_INCLUDE_IN_FRAMEWORK_HEADER = YES;
				CLANG_WARN_RANGE_LOOP_ANALYSIS = YES;
				CLANG_WARN_STRICT_PROTOTYPES = YES;
				CLANG_WARN_SUSPICIOUS_MOVE = YES;
				CLANG_WARN_UNGUARDED_AVAILABILITY = YES_AGGRESSIVE;
				CLANG_WARN_UNREACHABLE_CODE = YES;
				CLANG_WARN__DUPLICATE_METHOD_MATCH = YES;
				COPY_PHASE_STRIP = NO;
				DEBUG_INFORMATION_FORMAT = "dwarf-with-dsym";
				ENABLE_NS_ASSERTIONS = NO;
				ENABLE_STRICT_OBJC_MSGSEND = YES;
				GCC_C_LANGUAGE_STANDARD = gnu11;
				GCC_NO_COMMON_BLOCKS = YES;
				GCC_WARN_64_TO_32_BIT_CONVERSION = YES;
				GCC_WARN_ABOUT_RETURN_TYPE = YES_ERROR;
				GCC_WARN_UNDECLARED_SELECTOR = YES;
				GCC_WARN_UNINITIALIZED_AUTOS = YES_AGGRESSIVE;
				GCC_WARN_UNUSED_FUNCTION = YES;
				GCC_WARN_UNUSED_VARIABLE = YES;
				IPHONEOS_DEPLOYMENT_TARGET = 13.0;
				MTL_ENABLE_DEBUG_INFO = NO;
				MTL_FAST_MATH = YES;
				SDKROOT = iphoneos;
				SWIFT_COMPILATION_MODE = wholemodule;
				SWIFT_OPTIMIZATION_LEVEL = "-O";
				VALIDATE_PRODUCT = YES;
			};
			name = Release;
		};
		DE15E66D28604279003DD2F5 /* Debug */ = {
			isa = XCBuildConfiguration;
			buildSettings = {
				API_BASE_URL = api.unsplash.com;
				API_KEY = "AK-bF5BwmWGtMcRiSr3Kd74cD0f3QbYlTnhwwYoaxiI";
				ASSETCATALOG_COMPILER_APPICON_NAME = AppIcon;
				ASSETCATALOG_COMPILER_GLOBAL_ACCENT_COLOR_NAME = AccentColor;
				CODE_SIGN_STYLE = Automatic;
				CURRENT_PROJECT_VERSION = 1;
				DEVELOPMENT_TEAM = 57KUPHDJ89;
				GENERATE_INFOPLIST_FILE = YES;
				IMAGE_BASE_URL = images.unsplash.com;
				INFOPLIST_FILE = Picterest/Info.plist;
				INFOPLIST_KEY_LSSupportsOpeningDocumentsInPlace = YES;
				INFOPLIST_KEY_UIApplicationSupportsIndirectInputEvents = YES;
				INFOPLIST_KEY_UILaunchStoryboardName = LaunchScreen;
				INFOPLIST_KEY_UISupportedInterfaceOrientations_iPad = "UIInterfaceOrientationPortrait UIInterfaceOrientationPortraitUpsideDown UIInterfaceOrientationLandscapeLeft UIInterfaceOrientationLandscapeRight";
				INFOPLIST_KEY_UISupportedInterfaceOrientations_iPhone = "UIInterfaceOrientationPortrait UIInterfaceOrientationLandscapeLeft UIInterfaceOrientationLandscapeRight";
				LD_RUNPATH_SEARCH_PATHS = (
					"$(inherited)",
					"@executable_path/Frameworks",
				);
				MARKETING_VERSION = 1.0;
				PRODUCT_BUNDLE_IDENTIFIER = net.yagom.Picterest;
				PRODUCT_NAME = "$(TARGET_NAME)";
				SWIFT_EMIT_LOC_STRINGS = YES;
				SWIFT_VERSION = 5.0;
				TARGETED_DEVICE_FAMILY = "1,2";
			};
			name = Debug;
		};
		DE15E66E28604279003DD2F5 /* Release */ = {
			isa = XCBuildConfiguration;
			buildSettings = {
				API_BASE_URL = api.unsplash.com;
				API_KEY = "AK-bF5BwmWGtMcRiSr3Kd74cD0f3QbYlTnhwwYoaxiI";
				ASSETCATALOG_COMPILER_APPICON_NAME = AppIcon;
				ASSETCATALOG_COMPILER_GLOBAL_ACCENT_COLOR_NAME = AccentColor;
				CODE_SIGN_STYLE = Automatic;
				CURRENT_PROJECT_VERSION = 1;
				DEVELOPMENT_TEAM = 57KUPHDJ89;
				GENERATE_INFOPLIST_FILE = YES;
				IMAGE_BASE_URL = images.unsplash.com;
				INFOPLIST_FILE = Picterest/Info.plist;
				INFOPLIST_KEY_LSSupportsOpeningDocumentsInPlace = YES;
				INFOPLIST_KEY_UIApplicationSupportsIndirectInputEvents = YES;
				INFOPLIST_KEY_UILaunchStoryboardName = LaunchScreen;
				INFOPLIST_KEY_UISupportedInterfaceOrientations_iPad = "UIInterfaceOrientationPortrait UIInterfaceOrientationPortraitUpsideDown UIInterfaceOrientationLandscapeLeft UIInterfaceOrientationLandscapeRight";
				INFOPLIST_KEY_UISupportedInterfaceOrientations_iPhone = "UIInterfaceOrientationPortrait UIInterfaceOrientationLandscapeLeft UIInterfaceOrientationLandscapeRight";
				LD_RUNPATH_SEARCH_PATHS = (
					"$(inherited)",
					"@executable_path/Frameworks",
				);
				MARKETING_VERSION = 1.0;
				PRODUCT_BUNDLE_IDENTIFIER = net.yagom.Picterest;
				PRODUCT_NAME = "$(TARGET_NAME)";
				SWIFT_EMIT_LOC_STRINGS = YES;
				SWIFT_VERSION = 5.0;
				TARGETED_DEVICE_FAMILY = "1,2";
			};
			name = Release;
		};
/* End XCBuildConfiguration section */

/* Begin XCConfigurationList section */
		DE15E65328604278003DD2F5 /* Build configuration list for PBXProject "Picterest" */ = {
			isa = XCConfigurationList;
			buildConfigurations = (
				DE15E66A28604279003DD2F5 /* Debug */,
				DE15E66B28604279003DD2F5 /* Release */,
			);
			defaultConfigurationIsVisible = 0;
			defaultConfigurationName = Release;
		};
		DE15E66C28604279003DD2F5 /* Build configuration list for PBXNativeTarget "Picterest" */ = {
			isa = XCConfigurationList;
			buildConfigurations = (
				DE15E66D28604279003DD2F5 /* Debug */,
				DE15E66E28604279003DD2F5 /* Release */,
			);
			defaultConfigurationIsVisible = 0;
			defaultConfigurationName = Release;
		};
/* End XCConfigurationList section */

/* Begin XCVersionGroup section */
		B78A0B942892DA4C00DAC63C /* CoreData.xcdatamodeld */ = {
			isa = XCVersionGroup;
			children = (
				B78A0B952892DA4C00DAC63C /* CoreData.xcdatamodel */,
			);
			currentVersion = B78A0B952892DA4C00DAC63C /* CoreData.xcdatamodel */;
			path = CoreData.xcdatamodeld;
			sourceTree = "<group>";
			versionGroupType = wrapper.xcdatamodel;
		};
/* End XCVersionGroup section */
	};
	rootObject = DE15E65028604278003DD2F5 /* Project object */;
}
